
Microsoft Visual Studio Solution File, Format Version 12.00
# Visual Studio 2012
Project("{FAE04EC0-301F-11D3-BF4B-00C04F79EFBC}") = "Webcam", "Webcam\Webcam.csproj", "{E2E4C793-9AB6-4346-BD5A-87D025358994}"
EndProject
Project("{FAE04EC0-301F-11D3-BF4B-00C04F79EFBC}") = "Webcam.Web", "Webcam.Web\Webcam.Web.csproj", "{526BED52-A825-4BA6-BC7B-9A00636AF5AF}"
EndProject
Global
	GlobalSection(SolutionConfigurationPlatforms) = preSolution
		Debug|Any CPU = Debug|Any CPU
		Release|Any CPU = Release|Any CPU
	EndGlobalSection
	GlobalSection(ProjectConfigurationPlatforms) = postSolution
		{526BED52-A825-4BA6-BC7B-9A00636AF5AF}.Debug|Any CPU.ActiveCfg = Debug|Any CPU
		{526BED52-A825-4BA6-BC7B-9A00636AF5AF}.Debug|Any CPU.Build.0 = Debug|Any CPU
		{526BED52-A825-4BA6-BC7B-9A00636AF5AF}.Release|Any CPU.ActiveCfg = Release|Any CPU
		{526BED52-A825-4BA6-BC7B-9A00636AF5AF}.Release|Any CPU.Build.0 = Release|Any CPU
		{E2E4C793-9AB6-4346-BD5A-87D025358994}.Debug|Any CPU.ActiveCfg = Debug|Any CPU
		{E2E4C793-9AB6-4346-BD5A-87D025358994}.Debug|Any CPU.Build.0 = Debug|Any CPU
		{E2E4C793-9AB6-4346-BD5A-87D025358994}.Release|Any CPU.ActiveCfg = Release|Any CPU
		{E2E4C793-9AB6-4346-BD5A-87D025358994}.Release|Any CPU.Build.0 = Release|Any CPU
	EndGlobalSection
	GlobalSection(SolutionProperties) = preSolution
		HideSolutionNode = FALSE
	EndGlobalSection
EndGlobal
