
Microsoft Visual Studio Solution File, Format Version 11.00
# Visual Studio 2010
Project("{159641D6-6404-4A2A-AE62-294DE0FE8301}") = "ExpeditionDenali", "ExpeditionDenali\ExpeditionDenali.dtproj", "{852A9ACF-4161-48F3-9DFF-902CEB6702F9}"
EndProject
Global
	GlobalSection(SolutionConfigurationPlatforms) = preSolution
		Development|Default = Development|Default
	EndGlobalSection
	GlobalSection(ProjectConfigurationPlatforms) = postSolution
		{852A9ACF-4161-48F3-9DFF-902CEB6702F9}.Development|Default.ActiveCfg = Development
		{852A9ACF-4161-48F3-9DFF-902CEB6702F9}.Development|Default.Build.0 = Development
	EndGlobalSection
	GlobalSection(SolutionProperties) = preSolution
		HideSolutionNode = FALSE
	EndGlobalSection
EndGlobal
