
Microsoft Visual Studio Solution File, Format Version 12.00
# Visual Studio 11
Project("{FAE04EC0-301F-11D3-BF4B-00C04F79EFBC}") = "CookBook.Recipes.Winforms.Events", "CookBook.Recipes.Winforms.Events\CookBook.Recipes.Winforms.Events.csproj", "{6F875F04-DBB3-4570-9E78-8A38939ED032}"
EndProject
Project("{FAE04EC0-301F-11D3-BF4B-00C04F79EFBC}") = "CustomEventArgsApp", "CustomEventArgsApp\CustomEventArgsApp.csproj", "{860896F2-894A-435B-8CBA-26DC7BE05139}"
EndProject
Global
	GlobalSection(SolutionConfigurationPlatforms) = preSolution
		Debug|Any CPU = Debug|Any CPU
		Release|Any CPU = Release|Any CPU
	EndGlobalSection
	GlobalSection(ProjectConfigurationPlatforms) = postSolution
		{6F875F04-DBB3-4570-9E78-8A38939ED032}.Debug|Any CPU.ActiveCfg = Debug|Any CPU
		{6F875F04-DBB3-4570-9E78-8A38939ED032}.Debug|Any CPU.Build.0 = Debug|Any CPU
		{6F875F04-DBB3-4570-9E78-8A38939ED032}.Release|Any CPU.ActiveCfg = Release|Any CPU
		{6F875F04-DBB3-4570-9E78-8A38939ED032}.Release|Any CPU.Build.0 = Release|Any CPU
		{860896F2-894A-435B-8CBA-26DC7BE05139}.Debug|Any CPU.ActiveCfg = Debug|Any CPU
		{860896F2-894A-435B-8CBA-26DC7BE05139}.Debug|Any CPU.Build.0 = Debug|Any CPU
		{860896F2-894A-435B-8CBA-26DC7BE05139}.Release|Any CPU.ActiveCfg = Release|Any CPU
		{860896F2-894A-435B-8CBA-26DC7BE05139}.Release|Any CPU.Build.0 = Release|Any CPU
	EndGlobalSection
	GlobalSection(SolutionProperties) = preSolution
		HideSolutionNode = FALSE
	EndGlobalSection
EndGlobal
