
Microsoft Visual Studio Solution File, Format Version 12.00
# Visual Studio 2012
Project("{FAE04EC0-301F-11D3-BF4B-00C04F79EFBC}") = "AntiXss", "AntiXss\AntiXss.csproj", "{D44C5CAF-1E31-4A0F-AC1C-4445FCED4CCE}"
EndProject
Global
	GlobalSection(SolutionConfigurationPlatforms) = preSolution
		Debug|Any CPU = Debug|Any CPU
		Release|Any CPU = Release|Any CPU
	EndGlobalSection
	GlobalSection(ProjectConfigurationPlatforms) = postSolution
		{D44C5CAF-1E31-4A0F-AC1C-4445FCED4CCE}.Debug|Any CPU.ActiveCfg = Debug|Any CPU
		{D44C5CAF-1E31-4A0F-AC1C-4445FCED4CCE}.Debug|Any CPU.Build.0 = Debug|Any CPU
		{D44C5CAF-1E31-4A0F-AC1C-4445FCED4CCE}.Release|Any CPU.ActiveCfg = Release|Any CPU
		{D44C5CAF-1E31-4A0F-AC1C-4445FCED4CCE}.Release|Any CPU.Build.0 = Release|Any CPU
	EndGlobalSection
	GlobalSection(SolutionProperties) = preSolution
		HideSolutionNode = FALSE
	EndGlobalSection
EndGlobal
