
Microsoft Visual Studio Solution File, Format Version 12.00
# Visual Studio 11
Project("{FAE04EC0-301F-11D3-BF4B-00C04F79EFBC}") = "CookBook.Recipes.Winforms.Layouts", "DynamicTableLayout\CookBook.Recipes.Winforms.Layouts.csproj", "{94D79561-0E10-466F-A6B1-E551C340545C}"
EndProject
Project("{FAE04EC0-301F-11D3-BF4B-00C04F79EFBC}") = "DynamicTableLayoutApp", "DynamicTableLayoutApp\DynamicTableLayoutApp.csproj", "{B531DE88-2C36-44E4-9600-4655822DB12D}"
EndProject
Global
	GlobalSection(SolutionConfigurationPlatforms) = preSolution
		Debug|Any CPU = Debug|Any CPU
		Release|Any CPU = Release|Any CPU
	EndGlobalSection
	GlobalSection(ProjectConfigurationPlatforms) = postSolution
		{94D79561-0E10-466F-A6B1-E551C340545C}.Debug|Any CPU.ActiveCfg = Debug|Any CPU
		{94D79561-0E10-466F-A6B1-E551C340545C}.Debug|Any CPU.Build.0 = Debug|Any CPU
		{94D79561-0E10-466F-A6B1-E551C340545C}.Release|Any CPU.ActiveCfg = Release|Any CPU
		{94D79561-0E10-466F-A6B1-E551C340545C}.Release|Any CPU.Build.0 = Release|Any CPU
		{B531DE88-2C36-44E4-9600-4655822DB12D}.Debug|Any CPU.ActiveCfg = Debug|Any CPU
		{B531DE88-2C36-44E4-9600-4655822DB12D}.Debug|Any CPU.Build.0 = Debug|Any CPU
		{B531DE88-2C36-44E4-9600-4655822DB12D}.Release|Any CPU.ActiveCfg = Release|Any CPU
		{B531DE88-2C36-44E4-9600-4655822DB12D}.Release|Any CPU.Build.0 = Release|Any CPU
	EndGlobalSection
	GlobalSection(SolutionProperties) = preSolution
		HideSolutionNode = FALSE
	EndGlobalSection
EndGlobal
