
Microsoft Visual Studio Solution File, Format Version 12.00
# Visual Studio 11
Project("{FAE04EC0-301F-11D3-BF4B-00C04F79EFBC}") = "ThreadHandlingWPF", "ThreadHandlingWPF\ThreadHandlingWPF.csproj", "{E76E9B9E-A657-4C4D-B8C6-9A53948D608B}"
EndProject
Global
	GlobalSection(SolutionConfigurationPlatforms) = preSolution
		Debug|Any CPU = Debug|Any CPU
		Release|Any CPU = Release|Any CPU
	EndGlobalSection
	GlobalSection(ProjectConfigurationPlatforms) = postSolution
		{E76E9B9E-A657-4C4D-B8C6-9A53948D608B}.Debug|Any CPU.ActiveCfg = Debug|Any CPU
		{E76E9B9E-A657-4C4D-B8C6-9A53948D608B}.Debug|Any CPU.Build.0 = Debug|Any CPU
		{E76E9B9E-A657-4C4D-B8C6-9A53948D608B}.Release|Any CPU.ActiveCfg = Release|Any CPU
		{E76E9B9E-A657-4C4D-B8C6-9A53948D608B}.Release|Any CPU.Build.0 = Release|Any CPU
	EndGlobalSection
	GlobalSection(SolutionProperties) = preSolution
		HideSolutionNode = FALSE
	EndGlobalSection
EndGlobal
